
Microsoft Visual Studio Solution File, Format Version 12.00
# Visual Studio Version 17
VisualStudioVersion = 17.4.33110.190
MinimumVisualStudioVersion = 10.0.40219.1
Project("{FAE04EC0-301F-11D3-BF4B-00C04F79EFBC}") = "Searching String", "Searching String\Searching String.csproj", "{1A37BE5A-0C95-4BAA-AD59-BEE6630CCFDB}"
EndProject
Global
	GlobalSection(SolutionConfigurationPlatforms) = preSolution
		Debug|Any CPU = Debug|Any CPU
		Release|Any CPU = Release|Any CPU
	EndGlobalSection
	GlobalSection(ProjectConfigurationPlatforms) = postSolution
		{1A37BE5A-0C95-4BAA-AD59-BEE6630CCFDB}.Debug|Any CPU.ActiveCfg = Debug|Any CPU
		{1A37BE5A-0C95-4BAA-AD59-BEE6630CCFDB}.Debug|Any CPU.Build.0 = Debug|Any CPU
		{1A37BE5A-0C95-4BAA-AD59-BEE6630CCFDB}.Release|Any CPU.ActiveCfg = Release|Any CPU
		{1A37BE5A-0C95-4BAA-AD59-BEE6630CCFDB}.Release|Any CPU.Build.0 = Release|Any CPU
	EndGlobalSection
	GlobalSection(SolutionProperties) = preSolution
		HideSolutionNode = FALSE
	EndGlobalSection
	GlobalSection(ExtensibilityGlobals) = postSolution
		SolutionGuid = {46449D8C-F0C3-4E63-BE40-A287F585B29C}
	EndGlobalSection
EndGlobal
